{
  "name": "node",
  "version": "1.0.0",
  "lockfileVersion": 2,
  "requires": true,
  "packages": {
    "": {
      "name": "node",
      "version": "1.0.0",
      "license": "ISC",
      "dependencies": {
        "@alenanosova/ajs": "^1.0.0"
      }
    },
    "node_modules/@alenanosova/ajs": {
      "version": "1.0.0",
      "resolved": "https://npm.pkg.github.com/download/@alenanosova/ajs/1.0.0/4f965c2bcbae45f155a0b8d592bac64f339a1094",
      "integrity": "sha512-qV4jouoMjzae9dCEUKUtf9rk9T1UAlRGzn0ClhKDfqJntCNXw4fT1T+BG8EG0bHxpChnJm3p5VDIgOggH3+wgA==",
      "license": "ISC"
    }
  },
  "dependencies": {
    "@alenanosova/ajs": {
      "version": "1.0.0",
      "resolved": "https://npm.pkg.github.com/download/@alenanosova/ajs/1.0.0/4f965c2bcbae45f155a0b8d592bac64f339a1094",
      "integrity": "sha512-qV4jouoMjzae9dCEUKUtf9rk9T1UAlRGzn0ClhKDfqJntCNXw4fT1T+BG8EG0bHxpChnJm3p5VDIgOggH3+wgA=="
    }
  }
}
